# This file is automatically @generated by Cargo.
# It is not intended for manual editing.
[[package]]
name = "approx"
version = "0.3.0"
source = "registry+https://github.com/rust-lang/crates.io-index"
dependencies = [
 "num-traits 0.2.5 (registry+https://github.com/rust-lang/crates.io-index)",
]

[[package]]
name = "arrayvec"
version = "0.4.7"
source = "registry+https://github.com/rust-lang/crates.io-index"
dependencies = [
 "nodrop 0.1.12 (registry+https://github.com/rust-lang/crates.io-index)",
 "serde 1.0.76 (registry+https://github.com/rust-lang/crates.io-index)",
]

[[package]]
name = "bincode"
version = "1.0.1"
source = "git+https://github.com/CryZe/bincode?branch=core#2ff1e9118caf256b50060b344af3443ffdf593e6"
dependencies = [
 "arrayvec 0.4.7 (registry+https://github.com/rust-lang/crates.io-index)",
 "byteorder 0.5.3 (registry+https://github.com/rust-lang/crates.io-index)",
 "serde 1.0.76 (registry+https://github.com/rust-lang/crates.io-index)",
]

[[package]]
name = "byteorder"
version = "0.5.3"
source = "registry+https://github.com/rust-lang/crates.io-index"

[[package]]
name = "byteorder"
version = "1.2.6"
source = "registry+https://github.com/rust-lang/crates.io-index"

[[package]]
name = "gcn"
version = "0.1.0"
source = "git+https://github.com/CryZe/gcn?rev=00cacaad3e3eb2ed2bd54a4a1ab6c3a469a8b96f#00cacaad3e3eb2ed2bd54a4a1ab6c3a469a8b96f"
dependencies = [
 "arrayvec 0.4.7 (registry+https://github.com/rust-lang/crates.io-index)",
]

[[package]]
name = "gcn"
version = "0.1.0"
source = "git+https://github.com/CryZe/gcn?rev=e0055c4d9068ffcebe496517ac925887a3b6be08#e0055c4d9068ffcebe496517ac925887a3b6be08"
dependencies = [
 "arrayvec 0.4.7 (registry+https://github.com/rust-lang/crates.io-index)",
 "bincode 1.0.1 (git+https://github.com/CryZe/bincode?branch=core)",
 "serde 1.0.76 (registry+https://github.com/rust-lang/crates.io-index)",
]

[[package]]
name = "gcn"
version = "0.1.0"
source = "git+https://github.com/CryZe/gcn?rev=ea0f9ce98789d8e0c21a7e813d9a16ee6235c35d#ea0f9ce98789d8e0c21a7e813d9a16ee6235c35d"
dependencies = [
 "arrayvec 0.4.7 (registry+https://github.com/rust-lang/crates.io-index)",
]

[[package]]
name = "gcn-fonts"
version = "0.1.0"
source = "git+https://github.com/hallcristobal/gcn-fonts?rev=c0109dbc59ac8fa7100b71fa5bd5d7ed0f26ff3f#c0109dbc59ac8fa7100b71fa5bd5d7ed0f26ff3f"
dependencies = [
 "gcn 0.1.0 (git+https://github.com/CryZe/gcn?rev=00cacaad3e3eb2ed2bd54a4a1ab6c3a469a8b96f)",
 "gcn-fonts-macro 0.1.0 (git+https://github.com/hallcristobal/gcn-fonts?rev=c0109dbc59ac8fa7100b71fa5bd5d7ed0f26ff3f)",
]

[[package]]
name = "gcn-fonts-macro"
version = "0.1.0"
source = "git+https://github.com/hallcristobal/gcn-fonts?rev=c0109dbc59ac8fa7100b71fa5bd5d7ed0f26ff3f#c0109dbc59ac8fa7100b71fa5bd5d7ed0f26ff3f"
dependencies = [
 "image 0.19.0 (registry+https://github.com/rust-lang/crates.io-index)",
 "quote 0.6.7 (registry+https://github.com/rust-lang/crates.io-index)",
 "rusttype 0.6.5 (registry+https://github.com/rust-lang/crates.io-index)",
 "syn 0.14.9 (registry+https://github.com/rust-lang/crates.io-index)",
]

[[package]]
name = "image"
version = "0.19.0"
source = "registry+https://github.com/rust-lang/crates.io-index"
dependencies = [
 "byteorder 1.2.6 (registry+https://github.com/rust-lang/crates.io-index)",
 "lzw 0.10.0 (registry+https://github.com/rust-lang/crates.io-index)",
 "num-derive 0.2.2 (registry+https://github.com/rust-lang/crates.io-index)",
 "num-iter 0.1.37 (registry+https://github.com/rust-lang/crates.io-index)",
 "num-rational 0.1.42 (registry+https://github.com/rust-lang/crates.io-index)",
 "num-traits 0.2.5 (registry+https://github.com/rust-lang/crates.io-index)",
]

[[package]]
name = "lazy_static"
version = "1.1.0"
source = "registry+https://github.com/rust-lang/crates.io-index"
dependencies = [
 "spin 0.4.9 (registry+https://github.com/rust-lang/crates.io-index)",
 "version_check 0.1.4 (registry+https://github.com/rust-lang/crates.io-index)",
]

[[package]]
name = "libtp"
version = "0.1.0"
dependencies = [
 "arrayvec 0.4.7 (registry+https://github.com/rust-lang/crates.io-index)",
 "gcn 0.1.0 (git+https://github.com/CryZe/gcn?rev=ea0f9ce98789d8e0c21a7e813d9a16ee6235c35d)",
]

[[package]]
name = "linked-hash-map"
version = "0.5.1"
source = "registry+https://github.com/rust-lang/crates.io-index"

[[package]]
name = "lzw"
version = "0.10.0"
source = "registry+https://github.com/rust-lang/crates.io-index"

[[package]]
name = "nodrop"
version = "0.1.12"
source = "registry+https://github.com/rust-lang/crates.io-index"

[[package]]
name = "num-derive"
version = "0.2.2"
source = "registry+https://github.com/rust-lang/crates.io-index"
dependencies = [
 "num-traits 0.2.5 (registry+https://github.com/rust-lang/crates.io-index)",
 "proc-macro2 0.4.12 (registry+https://github.com/rust-lang/crates.io-index)",
 "quote 0.6.7 (registry+https://github.com/rust-lang/crates.io-index)",
 "syn 0.14.9 (registry+https://github.com/rust-lang/crates.io-index)",
]

[[package]]
name = "num-integer"
version = "0.1.39"
source = "registry+https://github.com/rust-lang/crates.io-index"
dependencies = [
 "num-traits 0.2.5 (registry+https://github.com/rust-lang/crates.io-index)",
]

[[package]]
name = "num-iter"
version = "0.1.37"
source = "registry+https://github.com/rust-lang/crates.io-index"
dependencies = [
 "num-integer 0.1.39 (registry+https://github.com/rust-lang/crates.io-index)",
 "num-traits 0.2.5 (registry+https://github.com/rust-lang/crates.io-index)",
]

[[package]]
name = "num-rational"
version = "0.1.42"
source = "registry+https://github.com/rust-lang/crates.io-index"
dependencies = [
 "num-integer 0.1.39 (registry+https://github.com/rust-lang/crates.io-index)",
 "num-traits 0.2.5 (registry+https://github.com/rust-lang/crates.io-index)",
]

[[package]]
name = "num-traits"
version = "0.1.43"
source = "registry+https://github.com/rust-lang/crates.io-index"
dependencies = [
 "num-traits 0.2.5 (registry+https://github.com/rust-lang/crates.io-index)",
]

[[package]]
name = "num-traits"
version = "0.2.5"
source = "registry+https://github.com/rust-lang/crates.io-index"

[[package]]
name = "ordered-float"
version = "0.5.0"
source = "registry+https://github.com/rust-lang/crates.io-index"
dependencies = [
 "num-traits 0.1.43 (registry+https://github.com/rust-lang/crates.io-index)",
 "unreachable 0.1.1 (registry+https://github.com/rust-lang/crates.io-index)",
]

[[package]]
name = "proc-macro2"
version = "0.4.12"
source = "registry+https://github.com/rust-lang/crates.io-index"
dependencies = [
 "unicode-xid 0.1.0 (registry+https://github.com/rust-lang/crates.io-index)",
]

[[package]]
name = "quote"
version = "0.6.7"
source = "registry+https://github.com/rust-lang/crates.io-index"
dependencies = [
 "proc-macro2 0.4.12 (registry+https://github.com/rust-lang/crates.io-index)",
]

[[package]]
name = "rustc-hash"
version = "1.0.1"
source = "registry+https://github.com/rust-lang/crates.io-index"
dependencies = [
 "byteorder 1.2.6 (registry+https://github.com/rust-lang/crates.io-index)",
]

[[package]]
name = "rusttype"
version = "0.6.5"
source = "registry+https://github.com/rust-lang/crates.io-index"
dependencies = [
 "linked-hash-map 0.5.1 (registry+https://github.com/rust-lang/crates.io-index)",
 "rustc-hash 1.0.1 (registry+https://github.com/rust-lang/crates.io-index)",
 "rusttype 0.7.0 (registry+https://github.com/rust-lang/crates.io-index)",
]

[[package]]
name = "rusttype"
version = "0.7.0"
source = "registry+https://github.com/rust-lang/crates.io-index"
dependencies = [
 "approx 0.3.0 (registry+https://github.com/rust-lang/crates.io-index)",
 "arrayvec 0.4.7 (registry+https://github.com/rust-lang/crates.io-index)",
 "ordered-float 0.5.0 (registry+https://github.com/rust-lang/crates.io-index)",
 "stb_truetype 0.2.3 (registry+https://github.com/rust-lang/crates.io-index)",
]

[[package]]
name = "serde"
version = "1.0.76"
source = "registry+https://github.com/rust-lang/crates.io-index"

[[package]]
name = "serde_derive"
version = "1.0.76"
source = "registry+https://github.com/rust-lang/crates.io-index"
dependencies = [
 "proc-macro2 0.4.12 (registry+https://github.com/rust-lang/crates.io-index)",
 "quote 0.6.7 (registry+https://github.com/rust-lang/crates.io-index)",
 "syn 0.14.9 (registry+https://github.com/rust-lang/crates.io-index)",
]

[[package]]
name = "spin"
version = "0.4.9"
source = "registry+https://github.com/rust-lang/crates.io-index"

[[package]]
name = "stb_truetype"
version = "0.2.3"
source = "registry+https://github.com/rust-lang/crates.io-index"
dependencies = [
 "byteorder 1.2.6 (registry+https://github.com/rust-lang/crates.io-index)",
]

[[package]]
name = "syn"
version = "0.14.9"
source = "registry+https://github.com/rust-lang/crates.io-index"
dependencies = [
 "proc-macro2 0.4.12 (registry+https://github.com/rust-lang/crates.io-index)",
 "quote 0.6.7 (registry+https://github.com/rust-lang/crates.io-index)",
 "unicode-xid 0.1.0 (registry+https://github.com/rust-lang/crates.io-index)",
]

[[package]]
name = "tp-example"
version = "0.1.0"
dependencies = [
 "arrayvec 0.4.7 (registry+https://github.com/rust-lang/crates.io-index)",
 "bincode 1.0.1 (git+https://github.com/CryZe/bincode?branch=core)",
 "gcn 0.1.0 (git+https://github.com/CryZe/gcn?rev=e0055c4d9068ffcebe496517ac925887a3b6be08)",
 "gcn-fonts 0.1.0 (git+https://github.com/hallcristobal/gcn-fonts?rev=c0109dbc59ac8fa7100b71fa5bd5d7ed0f26ff3f)",
 "lazy_static 1.1.0 (registry+https://github.com/rust-lang/crates.io-index)",
 "libtp 0.1.0",
 "proc-macro2 0.4.12 (registry+https://github.com/rust-lang/crates.io-index)",
 "serde 1.0.76 (registry+https://github.com/rust-lang/crates.io-index)",
 "serde_derive 1.0.76 (registry+https://github.com/rust-lang/crates.io-index)",
]

[[package]]
name = "unicode-xid"
version = "0.1.0"
source = "registry+https://github.com/rust-lang/crates.io-index"

[[package]]
name = "unreachable"
version = "0.1.1"
source = "registry+https://github.com/rust-lang/crates.io-index"
dependencies = [
 "void 1.0.2 (registry+https://github.com/rust-lang/crates.io-index)",
]

[[package]]
name = "version_check"
version = "0.1.4"
source = "registry+https://github.com/rust-lang/crates.io-index"

[[package]]
name = "void"
version = "1.0.2"
source = "registry+https://github.com/rust-lang/crates.io-index"

[metadata]
"checksum approx 0.3.0 (registry+https://github.com/rust-lang/crates.io-index)" = "f71f10b5c4946a64aad7b8cf65e3406cd3da22fc448595991d22423cf6db67b4"
"checksum arrayvec 0.4.7 (registry+https://github.com/rust-lang/crates.io-index)" = "a1e964f9e24d588183fcb43503abda40d288c8657dfc27311516ce2f05675aef"
"checksum bincode 1.0.1 (git+https://github.com/CryZe/bincode?branch=core)" = "<none>"
"checksum byteorder 0.5.3 (registry+https://github.com/rust-lang/crates.io-index)" = "0fc10e8cc6b2580fda3f36eb6dc5316657f812a3df879a44a66fc9f0fdbc4855"
"checksum byteorder 1.2.6 (registry+https://github.com/rust-lang/crates.io-index)" = "90492c5858dd7d2e78691cfb89f90d273a2800fc11d98f60786e5d87e2f83781"
"checksum gcn 0.1.0 (git+https://github.com/CryZe/gcn?rev=00cacaad3e3eb2ed2bd54a4a1ab6c3a469a8b96f)" = "<none>"
"checksum gcn 0.1.0 (git+https://github.com/CryZe/gcn?rev=e0055c4d9068ffcebe496517ac925887a3b6be08)" = "<none>"
"checksum gcn 0.1.0 (git+https://github.com/CryZe/gcn?rev=ea0f9ce98789d8e0c21a7e813d9a16ee6235c35d)" = "<none>"
"checksum gcn-fonts 0.1.0 (git+https://github.com/hallcristobal/gcn-fonts?rev=c0109dbc59ac8fa7100b71fa5bd5d7ed0f26ff3f)" = "<none>"
"checksum gcn-fonts-macro 0.1.0 (git+https://github.com/hallcristobal/gcn-fonts?rev=c0109dbc59ac8fa7100b71fa5bd5d7ed0f26ff3f)" = "<none>"
"checksum image 0.19.0 (registry+https://github.com/rust-lang/crates.io-index)" = "ebdff791af04e30089bde8ad2a632b86af433b40c04db8d70ad4b21487db7a6a"
"checksum lazy_static 1.1.0 (registry+https://github.com/rust-lang/crates.io-index)" = "ca488b89a5657b0a2ecd45b95609b3e848cf1755da332a0da46e2b2b1cb371a7"
"checksum linked-hash-map 0.5.1 (registry+https://github.com/rust-lang/crates.io-index)" = "70fb39025bc7cdd76305867c4eccf2f2dcf6e9a57f5b21a93e1c2d86cd03ec9e"
"checksum lzw 0.10.0 (registry+https://github.com/rust-lang/crates.io-index)" = "7d947cbb889ed21c2a84be6ffbaebf5b4e0f4340638cba0444907e38b56be084"
"checksum nodrop 0.1.12 (registry+https://github.com/rust-lang/crates.io-index)" = "9a2228dca57108069a5262f2ed8bd2e82496d2e074a06d1ccc7ce1687b6ae0a2"
"checksum num-derive 0.2.2 (registry+https://github.com/rust-lang/crates.io-index)" = "0d2c31b75c36a993d30c7a13d70513cb93f02acafdd5b7ba250f9b0e18615de7"
"checksum num-integer 0.1.39 (registry+https://github.com/rust-lang/crates.io-index)" = "e83d528d2677f0518c570baf2b7abdcf0cd2d248860b68507bdcb3e91d4c0cea"
"checksum num-iter 0.1.37 (registry+https://github.com/rust-lang/crates.io-index)" = "af3fdbbc3291a5464dc57b03860ec37ca6bf915ed6ee385e7c6c052c422b2124"
"checksum num-rational 0.1.42 (registry+https://github.com/rust-lang/crates.io-index)" = "ee314c74bd753fc86b4780aa9475da469155f3848473a261d2d18e35245a784e"
"checksum num-traits 0.1.43 (registry+https://github.com/rust-lang/crates.io-index)" = "92e5113e9fd4cc14ded8e499429f396a20f98c772a47cc8622a736e1ec843c31"
"checksum num-traits 0.2.5 (registry+https://github.com/rust-lang/crates.io-index)" = "630de1ef5cc79d0cdd78b7e33b81f083cbfe90de0f4b2b2f07f905867c70e9fe"
"checksum ordered-float 0.5.0 (registry+https://github.com/rust-lang/crates.io-index)" = "58d25b6c0e47b20d05226d288ff434940296e7e2f8b877975da32f862152241f"
"checksum proc-macro2 0.4.12 (registry+https://github.com/rust-lang/crates.io-index)" = "7a17a4d77bc20d344179de803a34694c0ac7a0b3fb4384bee99783215a8e0410"
"checksum quote 0.6.7 (registry+https://github.com/rust-lang/crates.io-index)" = "6a2296ce01f300110132550828acd1e884eb19786d6ee08c7f4a580416a01bbe"
"checksum rustc-hash 1.0.1 (registry+https://github.com/rust-lang/crates.io-index)" = "7540fc8b0c49f096ee9c961cda096467dce8084bec6bdca2fc83895fd9b28cb8"
"checksum rusttype 0.6.5 (registry+https://github.com/rust-lang/crates.io-index)" = "320899ed15d373f4bad3c1288da0a98dd50cef5c0b2e8d21c84d327a585917c5"
"checksum rusttype 0.7.0 (registry+https://github.com/rust-lang/crates.io-index)" = "97ea162eca92b8f25bf9d5dbaeda19ca1e08173c5199d168b688f04eb14cd327"
"checksum serde 1.0.76 (registry+https://github.com/rust-lang/crates.io-index)" = "d00c69ae39089576cddfd235556e3b21bf41c2d80018063cb5ab8a1183c917fd"
"checksum serde_derive 1.0.76 (registry+https://github.com/rust-lang/crates.io-index)" = "7d8384360683b7114fc6eeeb41dde6ee37eeba2cf3660deef3a7a0d7548e55e9"
"checksum spin 0.4.9 (registry+https://github.com/rust-lang/crates.io-index)" = "37b5646825922b96b5d7d676b5bb3458a54498e96ed7b0ce09dc43a07038fea4"
"checksum stb_truetype 0.2.3 (registry+https://github.com/rust-lang/crates.io-index)" = "e5c1667fc02576d7ea12e8a76bf8093c5743568bd2a17f7b083aaf0a73c3da3d"
"checksum syn 0.14.9 (registry+https://github.com/rust-lang/crates.io-index)" = "261ae9ecaa397c42b960649561949d69311f08eeaea86a65696e6e46517cf741"
"checksum unicode-xid 0.1.0 (registry+https://github.com/rust-lang/crates.io-index)" = "fc72304796d0818e357ead4e000d19c9c174ab23dc11093ac919054d20a6a7fc"
"checksum unreachable 0.1.1 (registry+https://github.com/rust-lang/crates.io-index)" = "1f2ae5ddb18e1c92664717616dd9549dde73f539f01bd7b77c2edb2446bdff91"
"checksum version_check 0.1.4 (registry+https://github.com/rust-lang/crates.io-index)" = "7716c242968ee87e5542f8021178248f267f295a5c4803beae8b8b7fd9bc6051"
"checksum void 1.0.2 (registry+https://github.com/rust-lang/crates.io-index)" = "6a02e4885ed3bc0f2de90ea6dd45ebcbb66dacffe03547fadbb0eeae2770887d"
